
Microsoft Visual Studio Solution File, Format Version 12.00
# Visual Studio Version 17
VisualStudioVersion = 17.6.33829.357
MinimumVisualStudioVersion = 10.0.40219.1
Project("{FAE04EC0-301F-11D3-BF4B-00C04F79EFBC}") = "Notification_System_DP", "Notification_System_DP\Notification_System_DP.csproj", "{14CE94EA-4465-4630-A862-CD647F0CC182}"
EndProject
Global
	GlobalSection(SolutionConfigurationPlatforms) = preSolution
		Debug|Any CPU = Debug|Any CPU
		Release|Any CPU = Release|Any CPU
	EndGlobalSection
	GlobalSection(ProjectConfigurationPlatforms) = postSolution
		{14CE94EA-4465-4630-A862-CD647F0CC182}.Debug|Any CPU.ActiveCfg = Debug|Any CPU
		{14CE94EA-4465-4630-A862-CD647F0CC182}.Debug|Any CPU.Build.0 = Debug|Any CPU
		{14CE94EA-4465-4630-A862-CD647F0CC182}.Release|Any CPU.ActiveCfg = Release|Any CPU
		{14CE94EA-4465-4630-A862-CD647F0CC182}.Release|Any CPU.Build.0 = Release|Any CPU
	EndGlobalSection
	GlobalSection(SolutionProperties) = preSolution
		HideSolutionNode = FALSE
	EndGlobalSection
	GlobalSection(ExtensibilityGlobals) = postSolution
		SolutionGuid = {B2633AEC-D71A-45D0-BBAF-E8BCDAE2EE55}
	EndGlobalSection
EndGlobal
